// !$*UTF8*$!
{
	archiveVersion = 1;
	classes = {
	};
	objectVersion = 46;
	objects = {

/* Begin PBXBuildFile section */
		FB0713061C919AC200B86FC2 /* AJTagsView.m in Sources */ = {isa = PBXBuildFile; fileRef = FB0713051C919AC200B86FC2 /* AJTagsView.m */; };
		FB0713091C919AD400B86FC2 /* AJTagsCell.m in Sources */ = {isa = PBXBuildFile; fileRef = FB0713081C919AD400B86FC2 /* AJTagsCell.m */; };
		FB07130C1C919D0800B86FC2 /* AJTagModel.m in Sources */ = {isa = PBXBuildFile; fileRef = FB07130B1C919D0800B86FC2 /* AJTagModel.m */; };
		FB07130F1C91A2AA00B86FC2 /* ExampleViewController.m in Sources */ = {isa = PBXBuildFile; fileRef = FB07130E1C91A2AA00B86FC2 /* ExampleViewController.m */; };
		FB47166B1BA0028B0021DE7B /* main.m in Sources */ = {isa = PBXBuildFile; fileRef = FB47166A1BA0028B0021DE7B /* main.m */; };
		FB47166E1BA0028B0021DE7B /* AppDelegate.m in Sources */ = {isa = PBXBuildFile; fileRef = FB47166D1BA0028B0021DE7B /* AppDelegate.m */; };
		FB4716711BA0028B0021DE7B /* ViewController.m in Sources */ = {isa = PBXBuildFile; fileRef = FB4716701BA0028B0021DE7B /* ViewController.m */; };
		FB4716741BA0028B0021DE7B /* Main.storyboard in Resources */ = {isa = PBXBuildFile; fileRef = FB4716721BA0028B0021DE7B /* Main.storyboard */; };
		FB4716761BA0028B0021DE7B /* Images.xcassets in Resources */ = {isa = PBXBuildFile; fileRef = FB4716751BA0028B0021DE7B /* Images.xcassets */; };
		FB4716791BA0028B0021DE7B /* LaunchScreen.xib in Resources */ = {isa = PBXBuildFile; fileRef = FB4716771BA0028B0021DE7B /* LaunchScreen.xib */; };
		FB4716851BA0028B0021DE7B /* TagDemoTests.m in Sources */ = {isa = PBXBuildFile; fileRef = FB4716841BA0028B0021DE7B /* TagDemoTests.m */; };
		FB471B201BA015190021DE7B /* AJSectionBackgroundLayout.m in Sources */ = {isa = PBXBuildFile; fileRef = FB471B1D1BA015190021DE7B /* AJSectionBackgroundLayout.m */; };
		FB471B211BA015190021DE7B /* AJSectionBackgroundView.m in Sources */ = {isa = PBXBuildFile; fileRef = FB471B1F1BA015190021DE7B /* AJSectionBackgroundView.m */; };
		FB471B241BA01D6C0021DE7B /* TagModel.m in Sources */ = {isa = PBXBuildFile; fileRef = FB471B231BA01D6C0021DE7B /* TagModel.m */; };
		FB471B271BA01DA10021DE7B /* TagCell.m in Sources */ = {isa = PBXBuildFile; fileRef = FB471B261BA01DA10021DE7B /* TagCell.m */; };
/* End PBXBuildFile section */

/* Begin PBXContainerItemProxy section */
		FB47167F1BA0028B0021DE7B /* PBXContainerItemProxy */ = {
			isa = PBXContainerItemProxy;
			containerPortal = FB47165D1BA0028B0021DE7B /* Project object */;
			proxyType = 1;
			remoteGlobalIDString = FB4716641BA0028B0021DE7B;
			remoteInfo = TagDemo;
		};
/* End PBXContainerItemProxy section */

/* Begin PBXFileReference section */
		FB0713041C919AC200B86FC2 /* AJTagsView.h */ = {isa = PBXFileReference; fileEncoding = 4; lastKnownFileType = sourcecode.c.h; path = AJTagsView.h; sourceTree = "<group>"; };
		FB0713051C919AC200B86FC2 /* AJTagsView.m */ = {isa = PBXFileReference; fileEncoding = 4; lastKnownFileType = sourcecode.c.objc; path = AJTagsView.m; sourceTree = "<group>"; };
		FB0713071C919AD400B86FC2 /* AJTagsCell.h */ = {isa = PBXFileReference; fileEncoding = 4; lastKnownFileType = sourcecode.c.h; path = AJTagsCell.h; sourceTree = "<group>"; };
		FB0713081C919AD400B86FC2 /* AJTagsCell.m */ = {isa = PBXFileReference; fileEncoding = 4; lastKnownFileType = sourcecode.c.objc; path = AJTagsCell.m; sourceTree = "<group>"; };
		FB07130A1C919D0800B86FC2 /* AJTagModel.h */ = {isa = PBXFileReference; fileEncoding = 4; lastKnownFileType = sourcecode.c.h; path = AJTagModel.h; sourceTree = "<group>"; };
		FB07130B1C919D0800B86FC2 /* AJTagModel.m */ = {isa = PBXFileReference; fileEncoding = 4; lastKnownFileType = sourcecode.c.objc; path = AJTagModel.m; sourceTree = "<group>"; };
		FB07130D1C91A2AA00B86FC2 /* ExampleViewController.h */ = {isa = PBXFileReference; fileEncoding = 4; lastKnownFileType = sourcecode.c.h; path = ExampleViewController.h; sourceTree = "<group>"; };
		FB07130E1C91A2AA00B86FC2 /* ExampleViewController.m */ = {isa = PBXFileReference; fileEncoding = 4; lastKnownFileType = sourcecode.c.objc; path = ExampleViewController.m; sourceTree = "<group>"; };
		FB4716651BA0028B0021DE7B /* TagDemo.app */ = {isa = PBXFileReference; explicitFileType = wrapper.application; includeInIndex = 0; path = TagDemo.app; sourceTree = BUILT_PRODUCTS_DIR; };
		FB4716691BA0028B0021DE7B /* Info.plist */ = {isa = PBXFileReference; lastKnownFileType = text.plist.xml; path = Info.plist; sourceTree = "<group>"; };
		FB47166A1BA0028B0021DE7B /* main.m */ = {isa = PBXFileReference; lastKnownFileType = sourcecode.c.objc; path = main.m; sourceTree = "<group>"; };
		FB47166C1BA0028B0021DE7B /* AppDelegate.h */ = {isa = PBXFileReference; lastKnownFileType = sourcecode.c.h; path = AppDelegate.h; sourceTree = "<group>"; };
		FB47166D1BA0028B0021DE7B /* AppDelegate.m */ = {isa = PBXFileReference; lastKnownFileType = sourcecode.c.objc; path = AppDelegate.m; sourceTree = "<group>"; };
		FB47166F1BA0028B0021DE7B /* ViewController.h */ = {isa = PBXFileReference; lastKnownFileType = sourcecode.c.h; path = ViewController.h; sourceTree = "<group>"; };
		FB4716701BA0028B0021DE7B /* ViewController.m */ = {isa = PBXFileReference; lastKnownFileType = sourcecode.c.objc; path = ViewController.m; sourceTree = "<group>"; };
		FB4716731BA0028B0021DE7B /* Base */ = {isa = PBXFileReference; lastKnownFileType = file.storyboard; name = Base; path = Base.lproj/Main.storyboard; sourceTree = "<group>"; };
		FB4716751BA0028B0021DE7B /* Images.xcassets */ = {isa = PBXFileReference; lastKnownFileType = folder.assetcatalog; path = Images.xcassets; sourceTree = "<group>"; };
		FB4716781BA0028B0021DE7B /* Base */ = {isa = PBXFileReference; lastKnownFileType = file.xib; name = Base; path = Base.lproj/LaunchScreen.xib; sourceTree = "<group>"; };
		FB47167E1BA0028B0021DE7B /* TagDemoTests.xctest */ = {isa = PBXFileReference; explicitFileType = wrapper.cfbundle; includeInIndex = 0; path = TagDemoTests.xctest; sourceTree = BUILT_PRODUCTS_DIR; };
		FB4716831BA0028B0021DE7B /* Info.plist */ = {isa = PBXFileReference; lastKnownFileType = text.plist.xml; path = Info.plist; sourceTree = "<group>"; };
		FB4716841BA0028B0021DE7B /* TagDemoTests.m */ = {isa = PBXFileReference; lastKnownFileType = sourcecode.c.objc; path = TagDemoTests.m; sourceTree = "<group>"; };
		FB471B1C1BA015190021DE7B /* AJSectionBackgroundLayout.h */ = {isa = PBXFileReference; fileEncoding = 4; lastKnownFileType = sourcecode.c.h; path = AJSectionBackgroundLayout.h; sourceTree = "<group>"; };
		FB471B1D1BA015190021DE7B /* AJSectionBackgroundLayout.m */ = {isa = PBXFileReference; fileEncoding = 4; lastKnownFileType = sourcecode.c.objc; path = AJSectionBackgroundLayout.m; sourceTree = "<group>"; };
		FB471B1E1BA015190021DE7B /* AJSectionBackgroundView.h */ = {isa = PBXFileReference; fileEncoding = 4; lastKnownFileType = sourcecode.c.h; path = AJSectionBackgroundView.h; sourceTree = "<group>"; };
		FB471B1F1BA015190021DE7B /* AJSectionBackgroundView.m */ = {isa = PBXFileReference; fileEncoding = 4; lastKnownFileType = sourcecode.c.objc; path = AJSectionBackgroundView.m; sourceTree = "<group>"; };
		FB471B221BA01D6C0021DE7B /* TagModel.h */ = {isa = PBXFileReference; fileEncoding = 4; lastKnownFileType = sourcecode.c.h; path = TagModel.h; sourceTree = "<group>"; };
		FB471B231BA01D6C0021DE7B /* TagModel.m */ = {isa = PBXFileReference; fileEncoding = 4; lastKnownFileType = sourcecode.c.objc; path = TagModel.m; sourceTree = "<group>"; };
		FB471B251BA01DA10021DE7B /* TagCell.h */ = {isa = PBXFileReference; fileEncoding = 4; lastKnownFileType = sourcecode.c.h; path = TagCell.h; sourceTree = "<group>"; };
		FB471B261BA01DA10021DE7B /* TagCell.m */ = {isa = PBXFileReference; fileEncoding = 4; lastKnownFileType = sourcecode.c.objc; path = TagCell.m; sourceTree = "<group>"; };
/* End PBXFileReference section */

/* Begin PBXFrameworksBuildPhase section */
		FB4716621BA0028B0021DE7B /* Frameworks */ = {
			isa = PBXFrameworksBuildPhase;
			buildActionMask = 2147483647;
			files = (
			);
			runOnlyForDeploymentPostprocessing = 0;
		};
		FB47167B1BA0028B0021DE7B /* Frameworks */ = {
			isa = PBXFrameworksBuildPhase;
			buildActionMask = 2147483647;
			files = (
			);
			runOnlyForDeploymentPostprocessing = 0;
		};
/* End PBXFrameworksBuildPhase section */

/* Begin PBXGroup section */
		FB47165C1BA0028B0021DE7B = {
			isa = PBXGroup;
			children = (
				FB4716671BA0028B0021DE7B /* TagDemo */,
				FB4716811BA0028B0021DE7B /* TagDemoTests */,
				FB4716661BA0028B0021DE7B /* Products */,
			);
			sourceTree = "<group>";
		};
		FB4716661BA0028B0021DE7B /* Products */ = {
			isa = PBXGroup;
			children = (
				FB4716651BA0028B0021DE7B /* TagDemo.app */,
				FB47167E1BA0028B0021DE7B /* TagDemoTests.xctest */,
			);
			name = Products;
			sourceTree = "<group>";
		};
		FB4716671BA0028B0021DE7B /* TagDemo */ = {
			isa = PBXGroup;
			children = (
				FB471B1B1BA015190021DE7B /* AJTags */,
				FB471B251BA01DA10021DE7B /* TagCell.h */,
				FB471B261BA01DA10021DE7B /* TagCell.m */,
				FB471B221BA01D6C0021DE7B /* TagModel.h */,
				FB471B231BA01D6C0021DE7B /* TagModel.m */,
				FB47166F1BA0028B0021DE7B /* ViewController.h */,
				FB4716701BA0028B0021DE7B /* ViewController.m */,
				FB4716721BA0028B0021DE7B /* Main.storyboard */,
				FB4716751BA0028B0021DE7B /* Images.xcassets */,
				FB4716771BA0028B0021DE7B /* LaunchScreen.xib */,
				FB4716681BA0028B0021DE7B /* Supporting Files */,
				FB47166C1BA0028B0021DE7B /* AppDelegate.h */,
				FB47166D1BA0028B0021DE7B /* AppDelegate.m */,
				FB07130D1C91A2AA00B86FC2 /* ExampleViewController.h */,
				FB07130E1C91A2AA00B86FC2 /* ExampleViewController.m */,
			);
			path = TagDemo;
			sourceTree = "<group>";
		};
		FB4716681BA0028B0021DE7B /* Supporting Files */ = {
			isa = PBXGroup;
			children = (
				FB4716691BA0028B0021DE7B /* Info.plist */,
				FB47166A1BA0028B0021DE7B /* main.m */,
			);
			name = "Supporting Files";
			sourceTree = "<group>";
		};
		FB4716811BA0028B0021DE7B /* TagDemoTests */ = {
			isa = PBXGroup;
			children = (
				FB4716841BA0028B0021DE7B /* TagDemoTests.m */,
				FB4716821BA0028B0021DE7B /* Supporting Files */,
			);
			path = TagDemoTests;
			sourceTree = "<group>";
		};
		FB4716821BA0028B0021DE7B /* Supporting Files */ = {
			isa = PBXGroup;
			children = (
				FB4716831BA0028B0021DE7B /* Info.plist */,
			);
			name = "Supporting Files";
			sourceTree = "<group>";
		};
		FB471B1B1BA015190021DE7B /* AJTags */ = {
			isa = PBXGroup;
			children = (
				FB471B1C1BA015190021DE7B /* AJSectionBackgroundLayout.h */,
				FB471B1D1BA015190021DE7B /* AJSectionBackgroundLayout.m */,
				FB471B1E1BA015190021DE7B /* AJSectionBackgroundView.h */,
				FB471B1F1BA015190021DE7B /* AJSectionBackgroundView.m */,
				FB0713041C919AC200B86FC2 /* AJTagsView.h */,
				FB0713051C919AC200B86FC2 /* AJTagsView.m */,
				FB0713071C919AD400B86FC2 /* AJTagsCell.h */,
				FB0713081C919AD400B86FC2 /* AJTagsCell.m */,
				FB07130A1C919D0800B86FC2 /* AJTagModel.h */,
				FB07130B1C919D0800B86FC2 /* AJTagModel.m */,
			);
			name = AJTags;
			path = BoCollectionSectionBgLayout;
			sourceTree = "<group>";
		};
/* End PBXGroup section */

/* Begin PBXNativeTarget section */
		FB4716641BA0028B0021DE7B /* TagDemo */ = {
			isa = PBXNativeTarget;
			buildConfigurationList = FB4716881BA0028B0021DE7B /* Build configuration list for PBXNativeTarget "TagDemo" */;
			buildPhases = (
				FB4716611BA0028B0021DE7B /* Sources */,
				FB4716621BA0028B0021DE7B /* Frameworks */,
				FB4716631BA0028B0021DE7B /* Resources */,
			);
			buildRules = (
			);
			dependencies = (
			);
			name = TagDemo;
			productName = TagDemo;
			productReference = FB4716651BA0028B0021DE7B /* TagDemo.app */;
			productType = "com.apple.product-type.application";
		};
		FB47167D1BA0028B0021DE7B /* TagDemoTests */ = {
			isa = PBXNativeTarget;
			buildConfigurationList = FB47168B1BA0028B0021DE7B /* Build configuration list for PBXNativeTarget "TagDemoTests" */;
			buildPhases = (
				FB47167A1BA0028B0021DE7B /* Sources */,
				FB47167B1BA0028B0021DE7B /* Frameworks */,
				FB47167C1BA0028B0021DE7B /* Resources */,
			);
			buildRules = (
			);
			dependencies = (
				FB4716801BA0028B0021DE7B /* PBXTargetDependency */,
			);
			name = TagDemoTests;
			productName = TagDemoTests;
			productReference = FB47167E1BA0028B0021DE7B /* TagDemoTests.xctest */;
			productType = "com.apple.product-type.bundle.unit-test";
		};
/* End PBXNativeTarget section */

/* Begin PBXProject section */
		FB47165D1BA0028B0021DE7B /* Project object */ = {
			isa = PBXProject;
			attributes = {
				LastUpgradeCheck = 0640;
				ORGANIZATIONNAME = com.alienjun.demo;
				TargetAttributes = {
					FB4716641BA0028B0021DE7B = {
						CreatedOnToolsVersion = 6.4;
					};
					FB47167D1BA0028B0021DE7B = {
						CreatedOnToolsVersion = 6.4;
						TestTargetID = FB4716641BA0028B0021DE7B;
					};
				};
			};
			buildConfigurationList = FB4716601BA0028B0021DE7B /* Build configuration list for PBXProject "TagDemo" */;
			compatibilityVersion = "Xcode 3.2";
			developmentRegion = English;
			hasScannedForEncodings = 0;
			knownRegions = (
				en,
				Base,
			);
			mainGroup = FB47165C1BA0028B0021DE7B;
			productRefGroup = FB4716661BA0028B0021DE7B /* Products */;
			projectDirPath = "";
			projectRoot = "";
			targets = (
				FB4716641BA0028B0021DE7B /* TagDemo */,
				FB47167D1BA0028B0021DE7B /* TagDemoTests */,
			);
		};
/* End PBXProject section */

/* Begin PBXResourcesBuildPhase section */
		FB4716631BA0028B0021DE7B /* Resources */ = {
			isa = PBXResourcesBuildPhase;
			buildActionMask = 2147483647;
			files = (
				FB4716741BA0028B0021DE7B /* Main.storyboard in Resources */,
				FB4716791BA0028B0021DE7B /* LaunchScreen.xib in Resources */,
				FB4716761BA0028B0021DE7B /* Images.xcassets in Resources */,
			);
			runOnlyForDeploymentPostprocessing = 0;
		};
		FB47167C1BA0028B0021DE7B /* Resources */ = {
			isa = PBXResourcesBuildPhase;
			buildActionMask = 2147483647;
			files = (
			);
			runOnlyForDeploymentPostprocessing = 0;
		};
/* End PBXResourcesBuildPhase section */

/* Begin PBXSourcesBuildPhase section */
		FB4716611BA0028B0021DE7B /* Sources */ = {
			isa = PBXSourcesBuildPhase;
			buildActionMask = 2147483647;
			files = (
				FB471B241BA01D6C0021DE7B /* TagModel.m in Sources */,
				FB07130F1C91A2AA00B86FC2 /* ExampleViewController.m in Sources */,
				FB0713091C919AD400B86FC2 /* AJTagsCell.m in Sources */,
				FB4716711BA0028B0021DE7B /* ViewController.m in Sources */,
				FB47166E1BA0028B0021DE7B /* AppDelegate.m in Sources */,
				FB471B201BA015190021DE7B /* AJSectionBackgroundLayout.m in Sources */,
				FB07130C1C919D0800B86FC2 /* AJTagModel.m in Sources */,
				FB0713061C919AC200B86FC2 /* AJTagsView.m in Sources */,
				FB471B271BA01DA10021DE7B /* TagCell.m in Sources */,
				FB47166B1BA0028B0021DE7B /* main.m in Sources */,
				FB471B211BA015190021DE7B /* AJSectionBackgroundView.m in Sources */,
			);
			runOnlyForDeploymentPostprocessing = 0;
		};
		FB47167A1BA0028B0021DE7B /* Sources */ = {
			isa = PBXSourcesBuildPhase;
			buildActionMask = 2147483647;
			files = (
				FB4716851BA0028B0021DE7B /* TagDemoTests.m in Sources */,
			);
			runOnlyForDeploymentPostprocessing = 0;
		};
/* End PBXSourcesBuildPhase section */

/* Begin PBXTargetDependency section */
		FB4716801BA0028B0021DE7B /* PBXTargetDependency */ = {
			isa = PBXTargetDependency;
			target = FB4716641BA0028B0021DE7B /* TagDemo */;
			targetProxy = FB47167F1BA0028B0021DE7B /* PBXContainerItemProxy */;
		};
/* End PBXTargetDependency section */

/* Begin PBXVariantGroup section */
		FB4716721BA0028B0021DE7B /* Main.storyboard */ = {
			isa = PBXVariantGroup;
			children = (
				FB4716731BA0028B0021DE7B /* Base */,
			);
			name = Main.storyboard;
			sourceTree = "<group>";
		};
		FB4716771BA0028B0021DE7B /* LaunchScreen.xib */ = {
			isa = PBXVariantGroup;
			children = (
				FB4716781BA0028B0021DE7B /* Base */,
			);
			name = LaunchScreen.xib;
			sourceTree = "<group>";
		};
/* End PBXVariantGroup section */

/* Begin XCBuildConfiguration section */
		FB4716861BA0028B0021DE7B /* Debug */ = {
			isa = XCBuildConfiguration;
			buildSettings = {
				ALWAYS_SEARCH_USER_PATHS = NO;
				CLANG_CXX_LANGUAGE_STANDARD = "gnu++0x";
				CLANG_CXX_LIBRARY = "libc++";
				CLANG_ENABLE_MODULES = YES;
				CLANG_ENABLE_OBJC_ARC = YES;
				CLANG_WARN_BOOL_CONVERSION = YES;
				CLANG_WARN_CONSTANT_CONVERSION = YES;
				CLANG_WARN_DIRECT_OBJC_ISA_USAGE = YES_ERROR;
				CLANG_WARN_EMPTY_BODY = YES;
				CLANG_WARN_ENUM_CONVERSION = YES;
				CLANG_WARN_INT_CONVERSION = YES;
				CLANG_WARN_OBJC_ROOT_CLASS = YES_ERROR;
				CLANG_WARN_UNREACHABLE_CODE = YES;
				CLANG_WARN__DUPLICATE_METHOD_MATCH = YES;
				"CODE_SIGN_IDENTITY[sdk=iphoneos*]" = "iPhone Developer";
				COPY_PHASE_STRIP = NO;
				DEBUG_INFORMATION_FORMAT = "dwarf-with-dsym";
				ENABLE_STRICT_OBJC_MSGSEND = YES;
				GCC_C_LANGUAGE_STANDARD = gnu99;
				GCC_DYNAMIC_NO_PIC = NO;
				GCC_NO_COMMON_BLOCKS = YES;
				GCC_OPTIMIZATION_LEVEL = 0;
				GCC_PREPROCESSOR_DEFINITIONS = (
					"DEBUG=1",
					"$(inherited)",
				);
				GCC_SYMBOLS_PRIVATE_EXTERN = NO;
				GCC_WARN_64_TO_32_BIT_CONVERSION = YES;
				GCC_WARN_ABOUT_RETURN_TYPE = YES_ERROR;
				GCC_WARN_UNDECLARED_SELECTOR = YES;
				GCC_WARN_UNINITIALIZED_AUTOS = YES_AGGRESSIVE;
				GCC_WARN_UNUSED_FUNCTION = YES;
				GCC_WARN_UNUSED_VARIABLE = YES;
				IPHONEOS_DEPLOYMENT_TARGET = 8.4;
				MTL_ENABLE_DEBUG_INFO = YES;
				ONLY_ACTIVE_ARCH = YES;
				SDKROOT = iphoneos;
			};
			name = Debug;
		};
		FB4716871BA0028B0021DE7B /* Release */ = {
			isa = XCBuildConfiguration;
			buildSettings = {
				ALWAYS_SEARCH_USER_PATHS = NO;
				CLANG_CXX_LANGUAGE_STANDARD = "gnu++0x";
				CLANG_CXX_LIBRARY = "libc++";
				CLANG_ENABLE_MODULES = YES;
				CLANG_ENABLE_OBJC_ARC = YES;
				CLANG_WARN_BOOL_CONVERSION = YES;
				CLANG_WARN_CONSTANT_CONVERSION = YES;
				CLANG_WARN_DIRECT_OBJC_ISA_USAGE = YES_ERROR;
				CLANG_WARN_EMPTY_BODY = YES;
				CLANG_WARN_ENUM_CONVERSION = YES;
				CLANG_WARN_INT_CONVERSION = YES;
				CLANG_WARN_OBJC_ROOT_CLASS = YES_ERROR;
				CLANG_WARN_UNREACHABLE_CODE = YES;
				CLANG_WARN__DUPLICATE_METHOD_MATCH = YES;
				"CODE_SIGN_IDENTITY[sdk=iphoneos*]" = "iPhone Developer";
				COPY_PHASE_STRIP = NO;
				DEBUG_INFORMATION_FORMAT = "dwarf-with-dsym";
				ENABLE_NS_ASSERTIONS = NO;
				ENABLE_STRICT_OBJC_MSGSEND = YES;
				GCC_C_LANGUAGE_STANDARD = gnu99;
				GCC_NO_COMMON_BLOCKS = YES;
				GCC_WARN_64_TO_32_BIT_CONVERSION = YES;
				GCC_WARN_ABOUT_RETURN_TYPE = YES_ERROR;
				GCC_WARN_UNDECLARED_SELECTOR = YES;
				GCC_WARN_UNINITIALIZED_AUTOS = YES_AGGRESSIVE;
				GCC_WARN_UNUSED_FUNCTION = YES;
				GCC_WARN_UNUSED_VARIABLE = YES;
				IPHONEOS_DEPLOYMENT_TARGET = 8.4;
				MTL_ENABLE_DEBUG_INFO = NO;
				SDKROOT = iphoneos;
				VALIDATE_PRODUCT = YES;
			};
			name = Release;
		};
		FB4716891BA0028B0021DE7B /* Debug */ = {
			isa = XCBuildConfiguration;
			buildSettings = {
				ASSETCATALOG_COMPILER_APPICON_NAME = AppIcon;
				INFOPLIST_FILE = TagDemo/Info.plist;
				IPHONEOS_DEPLOYMENT_TARGET = 6.0;
				LD_RUNPATH_SEARCH_PATHS = "$(inherited) @executable_path/Frameworks";
				PRODUCT_NAME = "$(TARGET_NAME)";
			};
			name = Debug;
		};
		FB47168A1BA0028B0021DE7B /* Release */ = {
			isa = XCBuildConfiguration;
			buildSettings = {
				ASSETCATALOG_COMPILER_APPICON_NAME = AppIcon;
				INFOPLIST_FILE = TagDemo/Info.plist;
				IPHONEOS_DEPLOYMENT_TARGET = 6.0;
				LD_RUNPATH_SEARCH_PATHS = "$(inherited) @executable_path/Frameworks";
				PRODUCT_NAME = "$(TARGET_NAME)";
			};
			name = Release;
		};
		FB47168C1BA0028B0021DE7B /* Debug */ = {
			isa = XCBuildConfiguration;
			buildSettings = {
				BUNDLE_LOADER = "$(TEST_HOST)";
				FRAMEWORK_SEARCH_PATHS = (
					"$(SDKROOT)/Developer/Library/Frameworks",
					"$(inherited)",
				);
				GCC_PREPROCESSOR_DEFINITIONS = (
					"DEBUG=1",
					"$(inherited)",
				);
				INFOPLIST_FILE = TagDemoTests/Info.plist;
				LD_RUNPATH_SEARCH_PATHS = "$(inherited) @executable_path/Frameworks @loader_path/Frameworks";
				PRODUCT_NAME = "$(TARGET_NAME)";
				TEST_HOST = "$(BUILT_PRODUCTS_DIR)/TagDemo.app/TagDemo";
			};
			name = Debug;
		};
		FB47168D1BA0028B0021DE7B /* Release */ = {
			isa = XCBuildConfiguration;
			buildSettings = {
				BUNDLE_LOADER = "$(TEST_HOST)";
				FRAMEWORK_SEARCH_PATHS = (
					"$(SDKROOT)/Developer/Library/Frameworks",
					"$(inherited)",
				);
				INFOPLIST_FILE = TagDemoTests/Info.plist;
				LD_RUNPATH_SEARCH_PATHS = "$(inherited) @executable_path/Frameworks @loader_path/Frameworks";
				PRODUCT_NAME = "$(TARGET_NAME)";
				TEST_HOST = "$(BUILT_PRODUCTS_DIR)/TagDemo.app/TagDemo";
			};
			name = Release;
		};
/* End XCBuildConfiguration section */

/* Begin XCConfigurationList section */
		FB4716601BA0028B0021DE7B /* Build configuration list for PBXProject "TagDemo" */ = {
			isa = XCConfigurationList;
			buildConfigurations = (
				FB4716861BA0028B0021DE7B /* Debug */,
				FB4716871BA0028B0021DE7B /* Release */,
			);
			defaultConfigurationIsVisible = 0;
			defaultConfigurationName = Release;
		};
		FB4716881BA0028B0021DE7B /* Build configuration list for PBXNativeTarget "TagDemo" */ = {
			isa = XCConfigurationList;
			buildConfigurations = (
				FB4716891BA0028B0021DE7B /* Debug */,
				FB47168A1BA0028B0021DE7B /* Release */,
			);
			defaultConfigurationIsVisible = 0;
			defaultConfigurationName = Release;
		};
		FB47168B1BA0028B0021DE7B /* Build configuration list for PBXNativeTarget "TagDemoTests" */ = {
			isa = XCConfigurationList;
			buildConfigurations = (
				FB47168C1BA0028B0021DE7B /* Debug */,
				FB47168D1BA0028B0021DE7B /* Release */,
			);
			defaultConfigurationIsVisible = 0;
			defaultConfigurationName = Release;
		};
/* End XCConfigurationList section */
	};
	rootObject = FB47165D1BA0028B0021DE7B /* Project object */;
}
